
Microsoft Visual Studio Solution File, Format Version 12.00
# Visual Studio Version 16
VisualStudioVersion = 16.0.30011.22
MinimumVisualStudioVersion = 10.0.40219.1
Project("{FAE04EC0-301F-11D3-BF4B-00C04F79EFBC}") = "NewsManagementMicroService", "NewsManagementMicroService\NewsManagementMicroService.csproj", "{42D4DB96-FF85-4869-A746-D952686E92DF}"
EndProject
Global
	GlobalSection(SolutionConfigurationPlatforms) = preSolution
		Debug|Any CPU = Debug|Any CPU
		Release|Any CPU = Release|Any CPU
	EndGlobalSection
	GlobalSection(ProjectConfigurationPlatforms) = postSolution
		{42D4DB96-FF85-4869-A746-D952686E92DF}.Debug|Any CPU.ActiveCfg = Debug|Any CPU
		{42D4DB96-FF85-4869-A746-D952686E92DF}.Debug|Any CPU.Build.0 = Debug|Any CPU
		{42D4DB96-FF85-4869-A746-D952686E92DF}.Release|Any CPU.ActiveCfg = Release|Any CPU
		{42D4DB96-FF85-4869-A746-D952686E92DF}.Release|Any CPU.Build.0 = Release|Any CPU
	EndGlobalSection
	GlobalSection(SolutionProperties) = preSolution
		HideSolutionNode = FALSE
	EndGlobalSection
	GlobalSection(ExtensibilityGlobals) = postSolution
		SolutionGuid = {9B837AB2-8BF8-47C2-A34C-931F3C6D9EC4}
	EndGlobalSection
EndGlobal
